
Microsoft Visual Studio Solution File, Format Version 12.00
Project("{FAE04EC0-301F-11D3-BF4B-00C04F79EFBC}") = "ClassLibrary1", "ClassLibrary1\ClassLibrary1.ilproj", "{946B1B1B-6FCC-4BCB-8276-185964753AC6}"
EndProject
Project("{FAE04EC0-301F-11D3-BF4B-00C04F79EFBC}") = "MainMethod", "MainMethod\MainMethod.csproj", "{024A430A-8143-4ABC-9D32-C91E9913F346}"
EndProject
Project("{FAE04EC0-301F-11D3-BF4B-00C04F79EFBC}") = "Tests", "Tests\Tests.csproj", "{45CEC6B4-A8E0-4B8C-85EB-7BC21DB8B1EC}"
EndProject
Global
	GlobalSection(SolutionConfigurationPlatforms) = preSolution
		Debug|Any CPU = Debug|Any CPU
		Release|Any CPU = Release|Any CPU
	EndGlobalSection
	GlobalSection(ProjectConfigurationPlatforms) = postSolution
		{946B1B1B-6FCC-4BCB-8276-185964753AC6}.Debug|Any CPU.ActiveCfg = Debug|Any CPU
		{946B1B1B-6FCC-4BCB-8276-185964753AC6}.Debug|Any CPU.Build.0 = Debug|Any CPU
		{946B1B1B-6FCC-4BCB-8276-185964753AC6}.Release|Any CPU.ActiveCfg = Release|Any CPU
		{946B1B1B-6FCC-4BCB-8276-185964753AC6}.Release|Any CPU.Build.0 = Release|Any CPU
		{024A430A-8143-4ABC-9D32-C91E9913F346}.Debug|Any CPU.ActiveCfg = Debug|Any CPU
		{024A430A-8143-4ABC-9D32-C91E9913F346}.Debug|Any CPU.Build.0 = Debug|Any CPU
		{024A430A-8143-4ABC-9D32-C91E9913F346}.Release|Any CPU.ActiveCfg = Release|Any CPU
		{024A430A-8143-4ABC-9D32-C91E9913F346}.Release|Any CPU.Build.0 = Release|Any CPU
		{45CEC6B4-A8E0-4B8C-85EB-7BC21DB8B1EC}.Debug|Any CPU.ActiveCfg = Debug|Any CPU
		{45CEC6B4-A8E0-4B8C-85EB-7BC21DB8B1EC}.Debug|Any CPU.Build.0 = Debug|Any CPU
		{45CEC6B4-A8E0-4B8C-85EB-7BC21DB8B1EC}.Release|Any CPU.ActiveCfg = Release|Any CPU
		{45CEC6B4-A8E0-4B8C-85EB-7BC21DB8B1EC}.Release|Any CPU.Build.0 = Release|Any CPU
	EndGlobalSection
EndGlobal
