
Microsoft Visual Studio Solution File, Format Version 12.00
Project("{FAE04EC0-301F-11D3-BF4B-00C04F79EFBC}") = "Homework12", "Homework12\Homework12.csproj", "{AE06D527-0E69-4E4F-B614-0ED32FED8ADA}"
EndProject
Project("{F2A71F9B-5D33-465A-A702-920D77279786}") = "Homework6", "..\Homework6\Homework6\Homework6.fsproj", "{4177DA62-A5FA-4B28-A636-EB19A2E3D83C}"
EndProject
Project("{FAE04EC0-301F-11D3-BF4B-00C04F79EFBC}") = "Homework8", "..\Homework8\Homework8\Homework8.csproj", "{A670E83F-2E4A-42BD-847A-49AA52A5BBB8}"
EndProject
Global
	GlobalSection(SolutionConfigurationPlatforms) = preSolution
		Debug|Any CPU = Debug|Any CPU
		Release|Any CPU = Release|Any CPU
	EndGlobalSection
	GlobalSection(ProjectConfigurationPlatforms) = postSolution
		{AE06D527-0E69-4E4F-B614-0ED32FED8ADA}.Debug|Any CPU.ActiveCfg = Debug|Any CPU
		{AE06D527-0E69-4E4F-B614-0ED32FED8ADA}.Debug|Any CPU.Build.0 = Debug|Any CPU
		{AE06D527-0E69-4E4F-B614-0ED32FED8ADA}.Release|Any CPU.ActiveCfg = Release|Any CPU
		{AE06D527-0E69-4E4F-B614-0ED32FED8ADA}.Release|Any CPU.Build.0 = Release|Any CPU
		{4177DA62-A5FA-4B28-A636-EB19A2E3D83C}.Debug|Any CPU.ActiveCfg = Debug|Any CPU
		{4177DA62-A5FA-4B28-A636-EB19A2E3D83C}.Debug|Any CPU.Build.0 = Debug|Any CPU
		{4177DA62-A5FA-4B28-A636-EB19A2E3D83C}.Release|Any CPU.ActiveCfg = Release|Any CPU
		{4177DA62-A5FA-4B28-A636-EB19A2E3D83C}.Release|Any CPU.Build.0 = Release|Any CPU
		{A670E83F-2E4A-42BD-847A-49AA52A5BBB8}.Debug|Any CPU.ActiveCfg = Debug|Any CPU
		{A670E83F-2E4A-42BD-847A-49AA52A5BBB8}.Debug|Any CPU.Build.0 = Debug|Any CPU
		{A670E83F-2E4A-42BD-847A-49AA52A5BBB8}.Release|Any CPU.ActiveCfg = Release|Any CPU
		{A670E83F-2E4A-42BD-847A-49AA52A5BBB8}.Release|Any CPU.Build.0 = Release|Any CPU
	EndGlobalSection
EndGlobal
