
Microsoft Visual Studio Solution File, Format Version 12.00
Project("{FAE04EC0-301F-11D3-BF4B-00C04F79EFBC}") = "Homework7", "Homework7\Homework7.csproj", "{02664A3B-7D25-468D-B9C0-195CBDE70D68}"
EndProject
Global
	GlobalSection(SolutionConfigurationPlatforms) = preSolution
		Debug|Any CPU = Debug|Any CPU
		Release|Any CPU = Release|Any CPU
	EndGlobalSection
	GlobalSection(ProjectConfigurationPlatforms) = postSolution
		{02664A3B-7D25-468D-B9C0-195CBDE70D68}.Debug|Any CPU.ActiveCfg = Debug|Any CPU
		{02664A3B-7D25-468D-B9C0-195CBDE70D68}.Debug|Any CPU.Build.0 = Debug|Any CPU
		{02664A3B-7D25-468D-B9C0-195CBDE70D68}.Release|Any CPU.ActiveCfg = Release|Any CPU
		{02664A3B-7D25-468D-B9C0-195CBDE70D68}.Release|Any CPU.Build.0 = Release|Any CPU
	EndGlobalSection
EndGlobal
